// !$*UTF8*$!
{
	archiveVersion = 1;
	classes = {
	};
	objectVersion = 50;
	objects = {

/* Begin PBXBuildFile section */
		2324792B21DEFAA900F296F5 /* HZAudioPlaybackObj.m in Sources */ = {isa = PBXBuildFile; fileRef = 2324792A21DEFAA900F296F5 /* HZAudioPlaybackObj.m */; };
		2324792D21DF00BC00F296F5 /* The Argonauts.mp3 in Resources */ = {isa = PBXBuildFile; fileRef = 2324792C21DF00BC00F296F5 /* The Argonauts.mp3 */; };
		2324793021DF085E00F296F5 /* HZMusicPlayVC.m in Sources */ = {isa = PBXBuildFile; fileRef = 2324792F21DF085E00F296F5 /* HZMusicPlayVC.m */; };
		2371C64521E8759C0033C81A /* HZRecordPlayerVC.m in Sources */ = {isa = PBXBuildFile; fileRef = 2371C64421E8759C0033C81A /* HZRecordPlayerVC.m */; };
		23C4C70321E721F000A63E06 /* HZRecordVC.m in Sources */ = {isa = PBXBuildFile; fileRef = 23C4C70221E721F000A63E06 /* HZRecordVC.m */; };
		23C4C70621E7270A00A63E06 /* HZRecordModel.m in Sources */ = {isa = PBXBuildFile; fileRef = 23C4C70521E7270A00A63E06 /* HZRecordModel.m */; };
		23C4C70921E727E400A63E06 /* HZFMDBManager.m in Sources */ = {isa = PBXBuildFile; fileRef = 23C4C70821E727E400A63E06 /* HZFMDBManager.m */; };
		23E14DE021DDA68300B52900 /* AppDelegate.m in Sources */ = {isa = PBXBuildFile; fileRef = 23E14DDF21DDA68300B52900 /* AppDelegate.m */; };
		23E14DE321DDA68300B52900 /* HomeViewController.m in Sources */ = {isa = PBXBuildFile; fileRef = 23E14DE221DDA68300B52900 /* HomeViewController.m */; };
		23E14DE621DDA68300B52900 /* Main.storyboard in Resources */ = {isa = PBXBuildFile; fileRef = 23E14DE421DDA68300B52900 /* Main.storyboard */; };
		23E14DE821DDA68300B52900 /* Assets.xcassets in Resources */ = {isa = PBXBuildFile; fileRef = 23E14DE721DDA68300B52900 /* Assets.xcassets */; };
		23E14DEB21DDA68300B52900 /* LaunchScreen.storyboard in Resources */ = {isa = PBXBuildFile; fileRef = 23E14DE921DDA68300B52900 /* LaunchScreen.storyboard */; };
		23E14DEE21DDA68300B52900 /* main.m in Sources */ = {isa = PBXBuildFile; fileRef = 23E14DED21DDA68300B52900 /* main.m */; };
		23E14E1821DDB89F00B52900 /* BaseNavigationController.m in Sources */ = {isa = PBXBuildFile; fileRef = 23E14E1721DDB89F00B52900 /* BaseNavigationController.m */; };
		23E14E1E21DDBB8D00B52900 /* HomeTV.m in Sources */ = {isa = PBXBuildFile; fileRef = 23E14E1D21DDBB8D00B52900 /* HomeTV.m */; };
		23E14E2121DDDAEF00B52900 /* HZAudioManager.m in Sources */ = {isa = PBXBuildFile; fileRef = 23E14E2021DDDAEF00B52900 /* HZAudioManager.m */; };
		23E14E2421DDDB4600B52900 /* HZSoundEffectObj.m in Sources */ = {isa = PBXBuildFile; fileRef = 23E14E2321DDDB4600B52900 /* HZSoundEffectObj.m */; };
		23E14E2A21DE032100B52900 /* produceSound.wav in Resources */ = {isa = PBXBuildFile; fileRef = 23E14E2921DE032100B52900 /* produceSound.wav */; };
		23ED2D4121E5959000711DBF /* HZMusicPlayerVC.m in Sources */ = {isa = PBXBuildFile; fileRef = 23ED2D4021E5959000711DBF /* HZMusicPlayerVC.m */; };
		23ED2D4321E5A79D00711DBF /* MediaPlayer.framework in Frameworks */ = {isa = PBXBuildFile; fileRef = 23ED2D4221E5A79D00711DBF /* MediaPlayer.framework */; };
		23ED2D4621E5C85200711DBF /* HZRecordObj.m in Sources */ = {isa = PBXBuildFile; fileRef = 23ED2D4521E5C85200711DBF /* HZRecordObj.m */; };
		23ED2D4A21E5C8CA00711DBF /* HZHelp.m in Sources */ = {isa = PBXBuildFile; fileRef = 23ED2D4921E5C8CA00711DBF /* HZHelp.m */; };
		847CF57C0E72F2EE655569AC /* libPods-HZAudioModuleOC.a in Frameworks */ = {isa = PBXBuildFile; fileRef = 7558515E91CBEF906B752047 /* libPods-HZAudioModuleOC.a */; };
/* End PBXBuildFile section */

/* Begin PBXFileReference section */
		2324792921DEFAA900F296F5 /* HZAudioPlaybackObj.h */ = {isa = PBXFileReference; lastKnownFileType = sourcecode.c.h; path = HZAudioPlaybackObj.h; sourceTree = "<group>"; };
		2324792A21DEFAA900F296F5 /* HZAudioPlaybackObj.m */ = {isa = PBXFileReference; lastKnownFileType = sourcecode.c.objc; path = HZAudioPlaybackObj.m; sourceTree = "<group>"; };
		2324792C21DF00BC00F296F5 /* The Argonauts.mp3 */ = {isa = PBXFileReference; lastKnownFileType = audio.mp3; path = "The Argonauts.mp3"; sourceTree = "<group>"; };
		2324792E21DF085E00F296F5 /* HZMusicPlayVC.h */ = {isa = PBXFileReference; lastKnownFileType = sourcecode.c.h; path = HZMusicPlayVC.h; sourceTree = "<group>"; };
		2324792F21DF085E00F296F5 /* HZMusicPlayVC.m */ = {isa = PBXFileReference; lastKnownFileType = sourcecode.c.objc; path = HZMusicPlayVC.m; sourceTree = "<group>"; };
		2371C64321E8759C0033C81A /* HZRecordPlayerVC.h */ = {isa = PBXFileReference; lastKnownFileType = sourcecode.c.h; path = HZRecordPlayerVC.h; sourceTree = "<group>"; };
		2371C64421E8759C0033C81A /* HZRecordPlayerVC.m */ = {isa = PBXFileReference; lastKnownFileType = sourcecode.c.objc; path = HZRecordPlayerVC.m; sourceTree = "<group>"; };
		23C4C70121E721F000A63E06 /* HZRecordVC.h */ = {isa = PBXFileReference; lastKnownFileType = sourcecode.c.h; path = HZRecordVC.h; sourceTree = "<group>"; };
		23C4C70221E721F000A63E06 /* HZRecordVC.m */ = {isa = PBXFileReference; lastKnownFileType = sourcecode.c.objc; path = HZRecordVC.m; sourceTree = "<group>"; };
		23C4C70421E7270A00A63E06 /* HZRecordModel.h */ = {isa = PBXFileReference; lastKnownFileType = sourcecode.c.h; path = HZRecordModel.h; sourceTree = "<group>"; };
		23C4C70521E7270A00A63E06 /* HZRecordModel.m */ = {isa = PBXFileReference; lastKnownFileType = sourcecode.c.objc; path = HZRecordModel.m; sourceTree = "<group>"; };
		23C4C70721E727E400A63E06 /* HZFMDBManager.h */ = {isa = PBXFileReference; lastKnownFileType = sourcecode.c.h; path = HZFMDBManager.h; sourceTree = "<group>"; };
		23C4C70821E727E400A63E06 /* HZFMDBManager.m */ = {isa = PBXFileReference; lastKnownFileType = sourcecode.c.objc; path = HZFMDBManager.m; sourceTree = "<group>"; };
		23E14DDB21DDA68300B52900 /* HZAudioModuleOC.app */ = {isa = PBXFileReference; explicitFileType = wrapper.application; includeInIndex = 0; path = HZAudioModuleOC.app; sourceTree = BUILT_PRODUCTS_DIR; };
		23E14DDE21DDA68300B52900 /* AppDelegate.h */ = {isa = PBXFileReference; lastKnownFileType = sourcecode.c.h; path = AppDelegate.h; sourceTree = "<group>"; };
		23E14DDF21DDA68300B52900 /* AppDelegate.m */ = {isa = PBXFileReference; lastKnownFileType = sourcecode.c.objc; path = AppDelegate.m; sourceTree = "<group>"; };
		23E14DE121DDA68300B52900 /* HomeViewController.h */ = {isa = PBXFileReference; lastKnownFileType = sourcecode.c.h; path = HomeViewController.h; sourceTree = "<group>"; };
		23E14DE221DDA68300B52900 /* HomeViewController.m */ = {isa = PBXFileReference; lastKnownFileType = sourcecode.c.objc; path = HomeViewController.m; sourceTree = "<group>"; };
		23E14DE521DDA68300B52900 /* Base */ = {isa = PBXFileReference; lastKnownFileType = file.storyboard; name = Base; path = Base.lproj/Main.storyboard; sourceTree = "<group>"; };
		23E14DE721DDA68300B52900 /* Assets.xcassets */ = {isa = PBXFileReference; lastKnownFileType = folder.assetcatalog; path = Assets.xcassets; sourceTree = "<group>"; };
		23E14DEA21DDA68300B52900 /* Base */ = {isa = PBXFileReference; lastKnownFileType = file.storyboard; name = Base; path = Base.lproj/LaunchScreen.storyboard; sourceTree = "<group>"; };
		23E14DEC21DDA68300B52900 /* Info.plist */ = {isa = PBXFileReference; lastKnownFileType = text.plist.xml; path = Info.plist; sourceTree = "<group>"; };
		23E14DED21DDA68300B52900 /* main.m */ = {isa = PBXFileReference; lastKnownFileType = sourcecode.c.objc; path = main.m; sourceTree = "<group>"; };
		23E14E1321DDABCB00B52900 /* HZHeader.h */ = {isa = PBXFileReference; lastKnownFileType = sourcecode.c.h; path = HZHeader.h; sourceTree = "<group>"; };
		23E14E1621DDB89F00B52900 /* BaseNavigationController.h */ = {isa = PBXFileReference; lastKnownFileType = sourcecode.c.h; path = BaseNavigationController.h; sourceTree = "<group>"; };
		23E14E1721DDB89F00B52900 /* BaseNavigationController.m */ = {isa = PBXFileReference; lastKnownFileType = sourcecode.c.objc; path = BaseNavigationController.m; sourceTree = "<group>"; };
		23E14E1C21DDBB8D00B52900 /* HomeTV.h */ = {isa = PBXFileReference; lastKnownFileType = sourcecode.c.h; path = HomeTV.h; sourceTree = "<group>"; };
		23E14E1D21DDBB8D00B52900 /* HomeTV.m */ = {isa = PBXFileReference; lastKnownFileType = sourcecode.c.objc; path = HomeTV.m; sourceTree = "<group>"; };
		23E14E1F21DDDAEF00B52900 /* HZAudioManager.h */ = {isa = PBXFileReference; lastKnownFileType = sourcecode.c.h; path = HZAudioManager.h; sourceTree = "<group>"; };
		23E14E2021DDDAEF00B52900 /* HZAudioManager.m */ = {isa = PBXFileReference; lastKnownFileType = sourcecode.c.objc; path = HZAudioManager.m; sourceTree = "<group>"; };
		23E14E2221DDDB4500B52900 /* HZSoundEffectObj.h */ = {isa = PBXFileReference; lastKnownFileType = sourcecode.c.h; path = HZSoundEffectObj.h; sourceTree = "<group>"; };
		23E14E2321DDDB4600B52900 /* HZSoundEffectObj.m */ = {isa = PBXFileReference; lastKnownFileType = sourcecode.c.objc; path = HZSoundEffectObj.m; sourceTree = "<group>"; };
		23E14E2621DDF22200B52900 /* MSingletonObj.h */ = {isa = PBXFileReference; fileEncoding = 4; lastKnownFileType = sourcecode.c.h; path = MSingletonObj.h; sourceTree = "<group>"; };
		23E14E2721DDF6A700B52900 /* MUtilMacro.h */ = {isa = PBXFileReference; lastKnownFileType = sourcecode.c.h; path = MUtilMacro.h; sourceTree = "<group>"; };
		23E14E2921DE032100B52900 /* produceSound.wav */ = {isa = PBXFileReference; lastKnownFileType = audio.wav; path = produceSound.wav; sourceTree = "<group>"; };
		23ED2D3F21E5959000711DBF /* HZMusicPlayerVC.h */ = {isa = PBXFileReference; lastKnownFileType = sourcecode.c.h; path = HZMusicPlayerVC.h; sourceTree = "<group>"; };
		23ED2D4021E5959000711DBF /* HZMusicPlayerVC.m */ = {isa = PBXFileReference; lastKnownFileType = sourcecode.c.objc; path = HZMusicPlayerVC.m; sourceTree = "<group>"; };
		23ED2D4221E5A79D00711DBF /* MediaPlayer.framework */ = {isa = PBXFileReference; lastKnownFileType = wrapper.framework; name = MediaPlayer.framework; path = System/Library/Frameworks/MediaPlayer.framework; sourceTree = SDKROOT; };
		23ED2D4421E5C85200711DBF /* HZRecordObj.h */ = {isa = PBXFileReference; lastKnownFileType = sourcecode.c.h; path = HZRecordObj.h; sourceTree = "<group>"; };
		23ED2D4521E5C85200711DBF /* HZRecordObj.m */ = {isa = PBXFileReference; lastKnownFileType = sourcecode.c.objc; path = HZRecordObj.m; sourceTree = "<group>"; };
		23ED2D4821E5C8CA00711DBF /* HZHelp.h */ = {isa = PBXFileReference; lastKnownFileType = sourcecode.c.h; path = HZHelp.h; sourceTree = "<group>"; };
		23ED2D4921E5C8CA00711DBF /* HZHelp.m */ = {isa = PBXFileReference; lastKnownFileType = sourcecode.c.objc; path = HZHelp.m; sourceTree = "<group>"; };
		7558515E91CBEF906B752047 /* libPods-HZAudioModuleOC.a */ = {isa = PBXFileReference; explicitFileType = archive.ar; includeInIndex = 0; path = "libPods-HZAudioModuleOC.a"; sourceTree = BUILT_PRODUCTS_DIR; };
		98D62412353E9EE6F3022B26 /* Pods-HZAudioModuleOC.release.xcconfig */ = {isa = PBXFileReference; includeInIndex = 1; lastKnownFileType = text.xcconfig; name = "Pods-HZAudioModuleOC.release.xcconfig"; path = "Pods/Target Support Files/Pods-HZAudioModuleOC/Pods-HZAudioModuleOC.release.xcconfig"; sourceTree = "<group>"; };
		FBB21EDBEC4E11C30E780B47 /* Pods-HZAudioModuleOC.debug.xcconfig */ = {isa = PBXFileReference; includeInIndex = 1; lastKnownFileType = text.xcconfig; name = "Pods-HZAudioModuleOC.debug.xcconfig"; path = "Pods/Target Support Files/Pods-HZAudioModuleOC/Pods-HZAudioModuleOC.debug.xcconfig"; sourceTree = "<group>"; };
/* End PBXFileReference section */

/* Begin PBXFrameworksBuildPhase section */
		23E14DD821DDA68300B52900 /* Frameworks */ = {
			isa = PBXFrameworksBuildPhase;
			buildActionMask = 2147483647;
			files = (
				23ED2D4321E5A79D00711DBF /* MediaPlayer.framework in Frameworks */,
				847CF57C0E72F2EE655569AC /* libPods-HZAudioModuleOC.a in Frameworks */,
			);
			runOnlyForDeploymentPostprocessing = 0;
		};
/* End PBXFrameworksBuildPhase section */

/* Begin PBXGroup section */
		23C4C70A21E74B0E00A63E06 /* Model */ = {
			isa = PBXGroup;
			children = (
				23C4C70421E7270A00A63E06 /* HZRecordModel.h */,
				23C4C70521E7270A00A63E06 /* HZRecordModel.m */,
			);
			path = Model;
			sourceTree = "<group>";
		};
		23E14DD221DDA68300B52900 = {
			isa = PBXGroup;
			children = (
				23E14DDD21DDA68300B52900 /* HZAudioModuleOC */,
				23E14DDC21DDA68300B52900 /* Products */,
				32166D349B871EC978362BDD /* Pods */,
				5FCAD73C59B4B4501FB3100F /* Frameworks */,
			);
			sourceTree = "<group>";
		};
		23E14DDC21DDA68300B52900 /* Products */ = {
			isa = PBXGroup;
			children = (
				23E14DDB21DDA68300B52900 /* HZAudioModuleOC.app */,
			);
			name = Products;
			sourceTree = "<group>";
		};
		23E14DDD21DDA68300B52900 /* HZAudioModuleOC */ = {
			isa = PBXGroup;
			children = (
				23ED2D4721E5C8B500711DBF /* Utils */,
				23E14E2521DDF1F100B52900 /* Macro */,
				23E14E1921DDB9F700B52900 /* Home */,
				23E14E1521DDB88100B52900 /* Base */,
				23E14E1421DDB75100B52900 /* HZAudioLib */,
				23E14DDE21DDA68300B52900 /* AppDelegate.h */,
				23E14DDF21DDA68300B52900 /* AppDelegate.m */,
				23E14E1221DDA6E600B52900 /* Support File */,
			);
			path = HZAudioModuleOC;
			sourceTree = "<group>";
		};
		23E14E1221DDA6E600B52900 /* Support File */ = {
			isa = PBXGroup;
			children = (
				2324792C21DF00BC00F296F5 /* The Argonauts.mp3 */,
				23E14E2921DE032100B52900 /* produceSound.wav */,
				23E14DE421DDA68300B52900 /* Main.storyboard */,
				23E14DE721DDA68300B52900 /* Assets.xcassets */,
				23E14DE921DDA68300B52900 /* LaunchScreen.storyboard */,
				23E14DEC21DDA68300B52900 /* Info.plist */,
				23E14DED21DDA68300B52900 /* main.m */,
				23E14E1321DDABCB00B52900 /* HZHeader.h */,
			);
			path = "Support File";
			sourceTree = "<group>";
		};
		23E14E1421DDB75100B52900 /* HZAudioLib */ = {
			isa = PBXGroup;
			children = (
				23E14E1F21DDDAEF00B52900 /* HZAudioManager.h */,
				23E14E2021DDDAEF00B52900 /* HZAudioManager.m */,
				23E14E2221DDDB4500B52900 /* HZSoundEffectObj.h */,
				23E14E2321DDDB4600B52900 /* HZSoundEffectObj.m */,
				2324792921DEFAA900F296F5 /* HZAudioPlaybackObj.h */,
				2324792A21DEFAA900F296F5 /* HZAudioPlaybackObj.m */,
				23ED2D4421E5C85200711DBF /* HZRecordObj.h */,
				23ED2D4521E5C85200711DBF /* HZRecordObj.m */,
			);
			path = HZAudioLib;
			sourceTree = "<group>";
		};
		23E14E1521DDB88100B52900 /* Base */ = {
			isa = PBXGroup;
			children = (
				23E14E1621DDB89F00B52900 /* BaseNavigationController.h */,
				23E14E1721DDB89F00B52900 /* BaseNavigationController.m */,
			);
			path = Base;
			sourceTree = "<group>";
		};
		23E14E1921DDB9F700B52900 /* Home */ = {
			isa = PBXGroup;
			children = (
				23C4C70A21E74B0E00A63E06 /* Model */,
				23E14E1B21DDBA4F00B52900 /* View */,
				23E14E1A21DDBA4500B52900 /* VC */,
			);
			path = Home;
			sourceTree = "<group>";
		};
		23E14E1A21DDBA4500B52900 /* VC */ = {
			isa = PBXGroup;
			children = (
				23E14DE121DDA68300B52900 /* HomeViewController.h */,
				23E14DE221DDA68300B52900 /* HomeViewController.m */,
				2324792E21DF085E00F296F5 /* HZMusicPlayVC.h */,
				2324792F21DF085E00F296F5 /* HZMusicPlayVC.m */,
				23ED2D3F21E5959000711DBF /* HZMusicPlayerVC.h */,
				23ED2D4021E5959000711DBF /* HZMusicPlayerVC.m */,
				23C4C70121E721F000A63E06 /* HZRecordVC.h */,
				23C4C70221E721F000A63E06 /* HZRecordVC.m */,
				2371C64321E8759C0033C81A /* HZRecordPlayerVC.h */,
				2371C64421E8759C0033C81A /* HZRecordPlayerVC.m */,
			);
			path = VC;
			sourceTree = "<group>";
		};
		23E14E1B21DDBA4F00B52900 /* View */ = {
			isa = PBXGroup;
			children = (
				23E14E1C21DDBB8D00B52900 /* HomeTV.h */,
				23E14E1D21DDBB8D00B52900 /* HomeTV.m */,
			);
			path = View;
			sourceTree = "<group>";
		};
		23E14E2521DDF1F100B52900 /* Macro */ = {
			isa = PBXGroup;
			children = (
				23E14E2621DDF22200B52900 /* MSingletonObj.h */,
				23E14E2721DDF6A700B52900 /* MUtilMacro.h */,
			);
			path = Macro;
			sourceTree = "<group>";
		};
		23ED2D4721E5C8B500711DBF /* Utils */ = {
			isa = PBXGroup;
			children = (
				23ED2D4821E5C8CA00711DBF /* HZHelp.h */,
				23ED2D4921E5C8CA00711DBF /* HZHelp.m */,
				23C4C70721E727E400A63E06 /* HZFMDBManager.h */,
				23C4C70821E727E400A63E06 /* HZFMDBManager.m */,
			);
			path = Utils;
			sourceTree = "<group>";
		};
		32166D349B871EC978362BDD /* Pods */ = {
			isa = PBXGroup;
			children = (
				FBB21EDBEC4E11C30E780B47 /* Pods-HZAudioModuleOC.debug.xcconfig */,
				98D62412353E9EE6F3022B26 /* Pods-HZAudioModuleOC.release.xcconfig */,
			);
			name = Pods;
			sourceTree = "<group>";
		};
		5FCAD73C59B4B4501FB3100F /* Frameworks */ = {
			isa = PBXGroup;
			children = (
				23ED2D4221E5A79D00711DBF /* MediaPlayer.framework */,
				7558515E91CBEF906B752047 /* libPods-HZAudioModuleOC.a */,
			);
			name = Frameworks;
			sourceTree = "<group>";
		};
/* End PBXGroup section */

/* Begin PBXNativeTarget section */
		23E14DDA21DDA68300B52900 /* HZAudioModuleOC */ = {
			isa = PBXNativeTarget;
			buildConfigurationList = 23E14DF121DDA68300B52900 /* Build configuration list for PBXNativeTarget "HZAudioModuleOC" */;
			buildPhases = (
				CC722FB3C56D8502A80DB163 /* [CP] Check Pods Manifest.lock */,
				23E14DD721DDA68300B52900 /* Sources */,
				23E14DD821DDA68300B52900 /* Frameworks */,
				23E14DD921DDA68300B52900 /* Resources */,
				95356BAE43EF3C5ACB835DA6 /* [CP] Copy Pods Resources */,
			);
			buildRules = (
			);
			dependencies = (
			);
			name = HZAudioModuleOC;
			productName = HZAudioModuleOC;
			productReference = 23E14DDB21DDA68300B52900 /* HZAudioModuleOC.app */;
			productType = "com.apple.product-type.application";
		};
/* End PBXNativeTarget section */

/* Begin PBXProject section */
		23E14DD321DDA68300B52900 /* Project object */ = {
			isa = PBXProject;
			attributes = {
				LastUpgradeCheck = 1010;
				ORGANIZATIONNAME = HachiTech;
				TargetAttributes = {
					23E14DDA21DDA68300B52900 = {
						CreatedOnToolsVersion = 10.1;
						SystemCapabilities = {
							com.apple.BackgroundModes = {
								enabled = 1;
							};
						};
					};
				};
			};
			buildConfigurationList = 23E14DD621DDA68300B52900 /* Build configuration list for PBXProject "HZAudioModuleOC" */;
			compatibilityVersion = "Xcode 9.3";
			developmentRegion = en;
			hasScannedForEncodings = 0;
			knownRegions = (
				en,
				Base,
			);
			mainGroup = 23E14DD221DDA68300B52900;
			productRefGroup = 23E14DDC21DDA68300B52900 /* Products */;
			projectDirPath = "";
			projectRoot = "";
			targets = (
				23E14DDA21DDA68300B52900 /* HZAudioModuleOC */,
			);
		};
/* End PBXProject section */

/* Begin PBXResourcesBuildPhase section */
		23E14DD921DDA68300B52900 /* Resources */ = {
			isa = PBXResourcesBuildPhase;
			buildActionMask = 2147483647;
			files = (
				23E14DEB21DDA68300B52900 /* LaunchScreen.storyboard in Resources */,
				2324792D21DF00BC00F296F5 /* The Argonauts.mp3 in Resources */,
				23E14DE821DDA68300B52900 /* Assets.xcassets in Resources */,
				23E14DE621DDA68300B52900 /* Main.storyboard in Resources */,
				23E14E2A21DE032100B52900 /* produceSound.wav in Resources */,
			);
			runOnlyForDeploymentPostprocessing = 0;
		};
/* End PBXResourcesBuildPhase section */

/* Begin PBXShellScriptBuildPhase section */
		95356BAE43EF3C5ACB835DA6 /* [CP] Copy Pods Resources */ = {
			isa = PBXShellScriptBuildPhase;
			buildActionMask = 2147483647;
			files = (
			);
			inputPaths = (
				"${SRCROOT}/Pods/Target Support Files/Pods-HZAudioModuleOC/Pods-HZAudioModuleOC-resources.sh",
				"${PODS_ROOT}/SVProgressHUD/SVProgressHUD/SVProgressHUD.bundle",
				"${PODS_ROOT}/WBHUDManager/WBHUDManager/MBProgressHUDWBAddtional/MBProgressHUD.bundle",
			);
			name = "[CP] Copy Pods Resources";
			outputPaths = (
				"${TARGET_BUILD_DIR}/${UNLOCALIZED_RESOURCES_FOLDER_PATH}/SVProgressHUD.bundle",
				"${TARGET_BUILD_DIR}/${UNLOCALIZED_RESOURCES_FOLDER_PATH}/MBProgressHUD.bundle",
			);
			runOnlyForDeploymentPostprocessing = 0;
			shellPath = /bin/sh;
			shellScript = "\"${SRCROOT}/Pods/Target Support Files/Pods-HZAudioModuleOC/Pods-HZAudioModuleOC-resources.sh\"\n";
			showEnvVarsInLog = 0;
		};
		CC722FB3C56D8502A80DB163 /* [CP] Check Pods Manifest.lock */ = {
			isa = PBXShellScriptBuildPhase;
			buildActionMask = 2147483647;
			files = (
			);
			inputPaths = (
				"${PODS_PODFILE_DIR_PATH}/Podfile.lock",
				"${PODS_ROOT}/Manifest.lock",
			);
			name = "[CP] Check Pods Manifest.lock";
			outputPaths = (
				"$(DERIVED_FILE_DIR)/Pods-HZAudioModuleOC-checkManifestLockResult.txt",
			);
			runOnlyForDeploymentPostprocessing = 0;
			shellPath = /bin/sh;
			shellScript = "diff \"${PODS_PODFILE_DIR_PATH}/Podfile.lock\" \"${PODS_ROOT}/Manifest.lock\" > /dev/null\nif [ $? != 0 ] ; then\n    # print error to STDERR\n    echo \"error: The sandbox is not in sync with the Podfile.lock. Run 'pod install' or update your CocoaPods installation.\" >&2\n    exit 1\nfi\n# This output is used by Xcode 'outputs' to avoid re-running this script phase.\necho \"SUCCESS\" > \"${SCRIPT_OUTPUT_FILE_0}\"\n";
			showEnvVarsInLog = 0;
		};
/* End PBXShellScriptBuildPhase section */

/* Begin PBXSourcesBuildPhase section */
		23E14DD721DDA68300B52900 /* Sources */ = {
			isa = PBXSourcesBuildPhase;
			buildActionMask = 2147483647;
			files = (
				23E14E1821DDB89F00B52900 /* BaseNavigationController.m in Sources */,
				23ED2D4121E5959000711DBF /* HZMusicPlayerVC.m in Sources */,
				23E14DE321DDA68300B52900 /* HomeViewController.m in Sources */,
				23C4C70321E721F000A63E06 /* HZRecordVC.m in Sources */,
				2371C64521E8759C0033C81A /* HZRecordPlayerVC.m in Sources */,
				23C4C70921E727E400A63E06 /* HZFMDBManager.m in Sources */,
				2324793021DF085E00F296F5 /* HZMusicPlayVC.m in Sources */,
				23E14E2121DDDAEF00B52900 /* HZAudioManager.m in Sources */,
				23E14DEE21DDA68300B52900 /* main.m in Sources */,
				23E14E2421DDDB4600B52900 /* HZSoundEffectObj.m in Sources */,
				2324792B21DEFAA900F296F5 /* HZAudioPlaybackObj.m in Sources */,
				23E14E1E21DDBB8D00B52900 /* HomeTV.m in Sources */,
				23ED2D4621E5C85200711DBF /* HZRecordObj.m in Sources */,
				23ED2D4A21E5C8CA00711DBF /* HZHelp.m in Sources */,
				23C4C70621E7270A00A63E06 /* HZRecordModel.m in Sources */,
				23E14DE021DDA68300B52900 /* AppDelegate.m in Sources */,
			);
			runOnlyForDeploymentPostprocessing = 0;
		};
/* End PBXSourcesBuildPhase section */

/* Begin PBXVariantGroup section */
		23E14DE421DDA68300B52900 /* Main.storyboard */ = {
			isa = PBXVariantGroup;
			children = (
				23E14DE521DDA68300B52900 /* Base */,
			);
			name = Main.storyboard;
			sourceTree = "<group>";
		};
		23E14DE921DDA68300B52900 /* LaunchScreen.storyboard */ = {
			isa = PBXVariantGroup;
			children = (
				23E14DEA21DDA68300B52900 /* Base */,
			);
			name = LaunchScreen.storyboard;
			sourceTree = "<group>";
		};
/* End PBXVariantGroup section */

/* Begin XCBuildConfiguration section */
		23E14DEF21DDA68300B52900 /* Debug */ = {
			isa = XCBuildConfiguration;
			buildSettings = {
				ALWAYS_SEARCH_USER_PATHS = NO;
				CLANG_ANALYZER_NONNULL = YES;
				CLANG_ANALYZER_NUMBER_OBJECT_CONVERSION = YES_AGGRESSIVE;
				CLANG_CXX_LANGUAGE_STANDARD = "gnu++14";
				CLANG_CXX_LIBRARY = "libc++";
				CLANG_ENABLE_MODULES = YES;
				CLANG_ENABLE_OBJC_ARC = YES;
				CLANG_ENABLE_OBJC_WEAK = YES;
				CLANG_WARN_BLOCK_CAPTURE_AUTORELEASING = YES;
				CLANG_WARN_BOOL_CONVERSION = YES;
				CLANG_WARN_COMMA = YES;
				CLANG_WARN_CONSTANT_CONVERSION = YES;
				CLANG_WARN_DEPRECATED_OBJC_IMPLEMENTATIONS = YES;
				CLANG_WARN_DIRECT_OBJC_ISA_USAGE = YES_ERROR;
				CLANG_WARN_DOCUMENTATION_COMMENTS = YES;
				CLANG_WARN_EMPTY_BODY = YES;
				CLANG_WARN_ENUM_CONVERSION = YES;
				CLANG_WARN_INFINITE_RECURSION = YES;
				CLANG_WARN_INT_CONVERSION = YES;
				CLANG_WARN_NON_LITERAL_NULL_CONVERSION = YES;
				CLANG_WARN_OBJC_IMPLICIT_RETAIN_SELF = YES;
				CLANG_WARN_OBJC_LITERAL_CONVERSION = YES;
				CLANG_WARN_OBJC_ROOT_CLASS = YES_ERROR;
				CLANG_WARN_RANGE_LOOP_ANALYSIS = YES;
				CLANG_WARN_STRICT_PROTOTYPES = YES;
				CLANG_WARN_SUSPICIOUS_MOVE = YES;
				CLANG_WARN_UNGUARDED_AVAILABILITY = YES_AGGRESSIVE;
				CLANG_WARN_UNREACHABLE_CODE = YES;
				CLANG_WARN__DUPLICATE_METHOD_MATCH = YES;
				CODE_SIGN_IDENTITY = "iPhone Developer";
				COPY_PHASE_STRIP = NO;
				DEBUG_INFORMATION_FORMAT = dwarf;
				ENABLE_STRICT_OBJC_MSGSEND = YES;
				ENABLE_TESTABILITY = YES;
				GCC_C_LANGUAGE_STANDARD = gnu11;
				GCC_DYNAMIC_NO_PIC = NO;
				GCC_NO_COMMON_BLOCKS = YES;
				GCC_OPTIMIZATION_LEVEL = 0;
				GCC_PREPROCESSOR_DEFINITIONS = (
					"DEBUG=1",
					"$(inherited)",
				);
				GCC_WARN_64_TO_32_BIT_CONVERSION = YES;
				GCC_WARN_ABOUT_RETURN_TYPE = YES_ERROR;
				GCC_WARN_UNDECLARED_SELECTOR = YES;
				GCC_WARN_UNINITIALIZED_AUTOS = YES_AGGRESSIVE;
				GCC_WARN_UNUSED_FUNCTION = YES;
				GCC_WARN_UNUSED_VARIABLE = YES;
				IPHONEOS_DEPLOYMENT_TARGET = 12.1;
				MTL_ENABLE_DEBUG_INFO = INCLUDE_SOURCE;
				MTL_FAST_MATH = YES;
				ONLY_ACTIVE_ARCH = YES;
				SDKROOT = iphoneos;
			};
			name = Debug;
		};
		23E14DF021DDA68300B52900 /* Release */ = {
			isa = XCBuildConfiguration;
			buildSettings = {
				ALWAYS_SEARCH_USER_PATHS = NO;
				CLANG_ANALYZER_NONNULL = YES;
				CLANG_ANALYZER_NUMBER_OBJECT_CONVERSION = YES_AGGRESSIVE;
				CLANG_CXX_LANGUAGE_STANDARD = "gnu++14";
				CLANG_CXX_LIBRARY = "libc++";
				CLANG_ENABLE_MODULES = YES;
				CLANG_ENABLE_OBJC_ARC = YES;
				CLANG_ENABLE_OBJC_WEAK = YES;
				CLANG_WARN_BLOCK_CAPTURE_AUTORELEASING = YES;
				CLANG_WARN_BOOL_CONVERSION = YES;
				CLANG_WARN_COMMA = YES;
				CLANG_WARN_CONSTANT_CONVERSION = YES;
				CLANG_WARN_DEPRECATED_OBJC_IMPLEMENTATIONS = YES;
				CLANG_WARN_DIRECT_OBJC_ISA_USAGE = YES_ERROR;
				CLANG_WARN_DOCUMENTATION_COMMENTS = YES;
				CLANG_WARN_EMPTY_BODY = YES;
				CLANG_WARN_ENUM_CONVERSION = YES;
				CLANG_WARN_INFINITE_RECURSION = YES;
				CLANG_WARN_INT_CONVERSION = YES;
				CLANG_WARN_NON_LITERAL_NULL_CONVERSION = YES;
				CLANG_WARN_OBJC_IMPLICIT_RETAIN_SELF = YES;
				CLANG_WARN_OBJC_LITERAL_CONVERSION = YES;
				CLANG_WARN_OBJC_ROOT_CLASS = YES_ERROR;
				CLANG_WARN_RANGE_LOOP_ANALYSIS = YES;
				CLANG_WARN_STRICT_PROTOTYPES = YES;
				CLANG_WARN_SUSPICIOUS_MOVE = YES;
				CLANG_WARN_UNGUARDED_AVAILABILITY = YES_AGGRESSIVE;
				CLANG_WARN_UNREACHABLE_CODE = YES;
				CLANG_WARN__DUPLICATE_METHOD_MATCH = YES;
				CODE_SIGN_IDENTITY = "iPhone Developer";
				COPY_PHASE_STRIP = NO;
				DEBUG_INFORMATION_FORMAT = "dwarf-with-dsym";
				ENABLE_NS_ASSERTIONS = NO;
				ENABLE_STRICT_OBJC_MSGSEND = YES;
				GCC_C_LANGUAGE_STANDARD = gnu11;
				GCC_NO_COMMON_BLOCKS = YES;
				GCC_WARN_64_TO_32_BIT_CONVERSION = YES;
				GCC_WARN_ABOUT_RETURN_TYPE = YES_ERROR;
				GCC_WARN_UNDECLARED_SELECTOR = YES;
				GCC_WARN_UNINITIALIZED_AUTOS = YES_AGGRESSIVE;
				GCC_WARN_UNUSED_FUNCTION = YES;
				GCC_WARN_UNUSED_VARIABLE = YES;
				IPHONEOS_DEPLOYMENT_TARGET = 12.1;
				MTL_ENABLE_DEBUG_INFO = NO;
				MTL_FAST_MATH = YES;
				SDKROOT = iphoneos;
				VALIDATE_PRODUCT = YES;
			};
			name = Release;
		};
		23E14DF221DDA68300B52900 /* Debug */ = {
			isa = XCBuildConfiguration;
			baseConfigurationReference = FBB21EDBEC4E11C30E780B47 /* Pods-HZAudioModuleOC.debug.xcconfig */;
			buildSettings = {
				ASSETCATALOG_COMPILER_APPICON_NAME = AppIcon;
				CODE_SIGN_STYLE = Automatic;
				DEVELOPMENT_TEAM = J79UV63UHP;
				GCC_PRECOMPILE_PREFIX_HEADER = YES;
				GCC_PREFIX_HEADER = "$(SRCROOT)/HZAudioModuleOC/Support File/HZHeader.h";
				INFOPLIST_FILE = "$(SRCROOT)/HZAudioModuleOC/Support File/Info.plist";
				IPHONEOS_DEPLOYMENT_TARGET = 8.0;
				LD_RUNPATH_SEARCH_PATHS = (
					"$(inherited)",
					"@executable_path/Frameworks",
				);
				PRODUCT_BUNDLE_IDENTIFIER = pujiHachiApp.com;
				PRODUCT_NAME = "$(TARGET_NAME)";
				TARGETED_DEVICE_FAMILY = "1,2";
			};
			name = Debug;
		};
		23E14DF321DDA68300B52900 /* Release */ = {
			isa = XCBuildConfiguration;
			baseConfigurationReference = 98D62412353E9EE6F3022B26 /* Pods-HZAudioModuleOC.release.xcconfig */;
			buildSettings = {
				ASSETCATALOG_COMPILER_APPICON_NAME = AppIcon;
				CODE_SIGN_STYLE = Automatic;
				DEVELOPMENT_TEAM = J79UV63UHP;
				GCC_PRECOMPILE_PREFIX_HEADER = YES;
				GCC_PREFIX_HEADER = "$(SRCROOT)/HZAudioModuleOC/Support File/HZHeader.h";
				INFOPLIST_FILE = "$(SRCROOT)/HZAudioModuleOC/Support File/Info.plist";
				IPHONEOS_DEPLOYMENT_TARGET = 8.0;
				LD_RUNPATH_SEARCH_PATHS = (
					"$(inherited)",
					"@executable_path/Frameworks",
				);
				PRODUCT_BUNDLE_IDENTIFIER = pujiHachiApp.com;
				PRODUCT_NAME = "$(TARGET_NAME)";
				TARGETED_DEVICE_FAMILY = "1,2";
			};
			name = Release;
		};
/* End XCBuildConfiguration section */

/* Begin XCConfigurationList section */
		23E14DD621DDA68300B52900 /* Build configuration list for PBXProject "HZAudioModuleOC" */ = {
			isa = XCConfigurationList;
			buildConfigurations = (
				23E14DEF21DDA68300B52900 /* Debug */,
				23E14DF021DDA68300B52900 /* Release */,
			);
			defaultConfigurationIsVisible = 0;
			defaultConfigurationName = Release;
		};
		23E14DF121DDA68300B52900 /* Build configuration list for PBXNativeTarget "HZAudioModuleOC" */ = {
			isa = XCConfigurationList;
			buildConfigurations = (
				23E14DF221DDA68300B52900 /* Debug */,
				23E14DF321DDA68300B52900 /* Release */,
			);
			defaultConfigurationIsVisible = 0;
			defaultConfigurationName = Release;
		};
/* End XCConfigurationList section */
	};
	rootObject = 23E14DD321DDA68300B52900 /* Project object */;
}
